
Microsoft Visual Studio Solution File, Format Version 12.00
# Visual Studio Version 16
VisualStudioVersion = 16.0.31613.86
MinimumVisualStudioVersion = 10.0.40219.1
Project("{9A19103F-16F7-4668-BE54-9A1E7A4F7556}") = "GrpcChat.Server", "GrpcChat.Server\GrpcChat.Server.csproj", "{A074EBEE-DA5F-47D2-B482-2BDC56A00878}"
EndProject
Project("{9A19103F-16F7-4668-BE54-9A1E7A4F7556}") = "GrpcChat.Proto", "GrpcChat.Proto\GrpcChat.Proto.csproj", "{16796217-C668-41FD-908E-416CE0809B70}"
EndProject
Project("{9A19103F-16F7-4668-BE54-9A1E7A4F7556}") = "GrpcChat.Domain", "GrpcChat.Domain\GrpcChat.Domain.csproj", "{8166D822-2376-49DF-AEA5-8E2CB1BF8EDE}"
EndProject
Project("{9A19103F-16F7-4668-BE54-9A1E7A4F7556}") = "GrpcChat.Domain.Tests", "GrpcChat.Domain.Tests\GrpcChat.Domain.Tests.csproj", "{6EC2047A-DD38-4E46-A397-E098A5521BDF}"
EndProject
Project("{FAE04EC0-301F-11D3-BF4B-00C04F79EFBC}") = "GrpcChat.Client", "GrpcChat.Client\GrpcChat.Client.csproj", "{792C1A96-9C81-46DE-8AC2-2B00037FB669}"
EndProject
Global
	GlobalSection(SolutionConfigurationPlatforms) = preSolution
		Debug|Any CPU = Debug|Any CPU
		Release|Any CPU = Release|Any CPU
	EndGlobalSection
	GlobalSection(ProjectConfigurationPlatforms) = postSolution
		{A074EBEE-DA5F-47D2-B482-2BDC56A00878}.Debug|Any CPU.ActiveCfg = Debug|Any CPU
		{A074EBEE-DA5F-47D2-B482-2BDC56A00878}.Debug|Any CPU.Build.0 = Debug|Any CPU
		{A074EBEE-DA5F-47D2-B482-2BDC56A00878}.Release|Any CPU.ActiveCfg = Release|Any CPU
		{A074EBEE-DA5F-47D2-B482-2BDC56A00878}.Release|Any CPU.Build.0 = Release|Any CPU
		{16796217-C668-41FD-908E-416CE0809B70}.Debug|Any CPU.ActiveCfg = Debug|Any CPU
		{16796217-C668-41FD-908E-416CE0809B70}.Debug|Any CPU.Build.0 = Debug|Any CPU
		{16796217-C668-41FD-908E-416CE0809B70}.Release|Any CPU.ActiveCfg = Release|Any CPU
		{16796217-C668-41FD-908E-416CE0809B70}.Release|Any CPU.Build.0 = Release|Any CPU
		{8166D822-2376-49DF-AEA5-8E2CB1BF8EDE}.Debug|Any CPU.ActiveCfg = Debug|Any CPU
		{8166D822-2376-49DF-AEA5-8E2CB1BF8EDE}.Debug|Any CPU.Build.0 = Debug|Any CPU
		{8166D822-2376-49DF-AEA5-8E2CB1BF8EDE}.Release|Any CPU.ActiveCfg = Release|Any CPU
		{8166D822-2376-49DF-AEA5-8E2CB1BF8EDE}.Release|Any CPU.Build.0 = Release|Any CPU
		{6EC2047A-DD38-4E46-A397-E098A5521BDF}.Debug|Any CPU.ActiveCfg = Debug|Any CPU
		{6EC2047A-DD38-4E46-A397-E098A5521BDF}.Debug|Any CPU.Build.0 = Debug|Any CPU
		{6EC2047A-DD38-4E46-A397-E098A5521BDF}.Release|Any CPU.ActiveCfg = Release|Any CPU
		{6EC2047A-DD38-4E46-A397-E098A5521BDF}.Release|Any CPU.Build.0 = Release|Any CPU
		{792C1A96-9C81-46DE-8AC2-2B00037FB669}.Debug|Any CPU.ActiveCfg = Debug|Any CPU
		{792C1A96-9C81-46DE-8AC2-2B00037FB669}.Debug|Any CPU.Build.0 = Debug|Any CPU
		{792C1A96-9C81-46DE-8AC2-2B00037FB669}.Release|Any CPU.ActiveCfg = Release|Any CPU
		{792C1A96-9C81-46DE-8AC2-2B00037FB669}.Release|Any CPU.Build.0 = Release|Any CPU
	EndGlobalSection
	GlobalSection(SolutionProperties) = preSolution
		HideSolutionNode = FALSE
	EndGlobalSection
	GlobalSection(ExtensibilityGlobals) = postSolution
		SolutionGuid = {2D2A4A48-5C4B-4312-BF9F-03B1872E3AD9}
	EndGlobalSection
EndGlobal
